
Microsoft Visual Studio Solution File, Format Version 12.00
# Visual Studio Version 17
VisualStudioVersion = 17.13.35806.99 d17.13
MinimumVisualStudioVersion = 10.0.40219.1
Project("{FAE04EC0-301F-11D3-BF4B-00C04F79EFBC}") = "proclinica", "proclinica\proclinica.csproj", "{6362F6BC-A4A3-42B2-933E-721FC135B1BC}"
EndProject
Global
	GlobalSection(SolutionConfigurationPlatforms) = preSolution
		Debug|Any CPU = Debug|Any CPU
		Release|Any CPU = Release|Any CPU
	EndGlobalSection
	GlobalSection(ProjectConfigurationPlatforms) = postSolution
		{6362F6BC-A4A3-42B2-933E-721FC135B1BC}.Debug|Any CPU.ActiveCfg = Debug|Any CPU
		{6362F6BC-A4A3-42B2-933E-721FC135B1BC}.Debug|Any CPU.Build.0 = Debug|Any CPU
		{6362F6BC-A4A3-42B2-933E-721FC135B1BC}.Release|Any CPU.ActiveCfg = Release|Any CPU
		{6362F6BC-A4A3-42B2-933E-721FC135B1BC}.Release|Any CPU.Build.0 = Release|Any CPU
	EndGlobalSection
	GlobalSection(SolutionProperties) = preSolution
		HideSolutionNode = FALSE
	EndGlobalSection
	GlobalSection(ExtensibilityGlobals) = postSolution
		SolutionGuid = {3A46BD82-B516-4A91-96AB-DC6FA4C3574F}
	EndGlobalSection
EndGlobal
